
Microsoft Visual Studio Solution File, Format Version 12.00
# Visual Studio Version 17
VisualStudioVersion = 17.0.31903.59
MinimumVisualStudioVersion = 10.0.40219.1
Project("{FAE04EC0-301F-11D3-BF4B-00C04F79EFBC}") = "Domain", "Domain\Domain.csproj", "{E5EC11E6-BE1E-40CB-8925-004893011F78}"
EndProject
Project("{FAE04EC0-301F-11D3-BF4B-00C04F79EFBC}") = "Application", "Application\Application.csproj", "{2584D99F-BE38-43EB-B2B3-D7F9F7CF882B}"
EndProject
Project("{FAE04EC0-301F-11D3-BF4B-00C04F79EFBC}") = "Persistence", "Persistence\Persistence.csproj", "{6AFCB67F-6BCA-4A69-A4F6-6E483792CE82}"
EndProject
Project("{FAE04EC0-301F-11D3-BF4B-00C04F79EFBC}") = "API", "API\API.csproj", "{164663A6-827E-48AD-904E-5B86D4D552AE}"
EndProject
Global
	GlobalSection(SolutionConfigurationPlatforms) = preSolution
		Debug|Any CPU = Debug|Any CPU
		Release|Any CPU = Release|Any CPU
	EndGlobalSection
	GlobalSection(SolutionProperties) = preSolution
		HideSolutionNode = FALSE
	EndGlobalSection
	GlobalSection(ProjectConfigurationPlatforms) = postSolution
		{E5EC11E6-BE1E-40CB-8925-004893011F78}.Debug|Any CPU.ActiveCfg = Debug|Any CPU
		{E5EC11E6-BE1E-40CB-8925-004893011F78}.Debug|Any CPU.Build.0 = Debug|Any CPU
		{E5EC11E6-BE1E-40CB-8925-004893011F78}.Release|Any CPU.ActiveCfg = Release|Any CPU
		{E5EC11E6-BE1E-40CB-8925-004893011F78}.Release|Any CPU.Build.0 = Release|Any CPU
		{2584D99F-BE38-43EB-B2B3-D7F9F7CF882B}.Debug|Any CPU.ActiveCfg = Debug|Any CPU
		{2584D99F-BE38-43EB-B2B3-D7F9F7CF882B}.Debug|Any CPU.Build.0 = Debug|Any CPU
		{2584D99F-BE38-43EB-B2B3-D7F9F7CF882B}.Release|Any CPU.ActiveCfg = Release|Any CPU
		{2584D99F-BE38-43EB-B2B3-D7F9F7CF882B}.Release|Any CPU.Build.0 = Release|Any CPU
		{6AFCB67F-6BCA-4A69-A4F6-6E483792CE82}.Debug|Any CPU.ActiveCfg = Debug|Any CPU
		{6AFCB67F-6BCA-4A69-A4F6-6E483792CE82}.Debug|Any CPU.Build.0 = Debug|Any CPU
		{6AFCB67F-6BCA-4A69-A4F6-6E483792CE82}.Release|Any CPU.ActiveCfg = Release|Any CPU
		{6AFCB67F-6BCA-4A69-A4F6-6E483792CE82}.Release|Any CPU.Build.0 = Release|Any CPU
		{164663A6-827E-48AD-904E-5B86D4D552AE}.Debug|Any CPU.ActiveCfg = Debug|Any CPU
		{164663A6-827E-48AD-904E-5B86D4D552AE}.Debug|Any CPU.Build.0 = Debug|Any CPU
		{164663A6-827E-48AD-904E-5B86D4D552AE}.Release|Any CPU.ActiveCfg = Release|Any CPU
		{164663A6-827E-48AD-904E-5B86D4D552AE}.Release|Any CPU.Build.0 = Release|Any CPU
	EndGlobalSection
EndGlobal
